
Microsoft Visual Studio Solution File, Format Version 12.00
# Visual Studio Version 16
VisualStudioVersion = 16.0.29709.97
MinimumVisualStudioVersion = 10.0.40219.1
Project("{FAE04EC0-301F-11D3-BF4B-00C04F79EFBC}") = "battery.level", "battery.level.csproj", "{53F5F52C-A322-415D-8513-13EE04187CFE}"
EndProject
Global
	GlobalSection(SolutionConfigurationPlatforms) = preSolution
		Debug|Any CPU = Debug|Any CPU
		Release|Any CPU = Release|Any CPU
	EndGlobalSection
	GlobalSection(ProjectConfigurationPlatforms) = postSolution
		{53F5F52C-A322-415D-8513-13EE04187CFE}.Debug|Any CPU.ActiveCfg = Debug|Any CPU
		{53F5F52C-A322-415D-8513-13EE04187CFE}.Debug|Any CPU.Build.0 = Debug|Any CPU
		{53F5F52C-A322-415D-8513-13EE04187CFE}.Release|Any CPU.ActiveCfg = Release|Any CPU
		{53F5F52C-A322-415D-8513-13EE04187CFE}.Release|Any CPU.Build.0 = Release|Any CPU
	EndGlobalSection
	GlobalSection(SolutionProperties) = preSolution
		HideSolutionNode = FALSE
	EndGlobalSection
	GlobalSection(ExtensibilityGlobals) = postSolution
		SolutionGuid = {4A137C6D-3838-4D32-B922-D067471E67E1}
	EndGlobalSection
EndGlobal
